
Microsoft Visual Studio Solution File, Format Version 12.00
# Visual Studio Version 17
VisualStudioVersion = 17.3.32929.385
MinimumVisualStudioVersion = 10.0.40219.1
Project("{FAE04EC0-301F-11D3-BF4B-00C04F79EFBC}") = "PortfolioManager", "PortfolioManager\PortfolioManager.csproj", "{B08AA2AC-9CA1-4F10-BCB1-8DF52ADE8037}"
EndProject
Global
	GlobalSection(SolutionConfigurationPlatforms) = preSolution
		Debug|Any CPU = Debug|Any CPU
		Release|Any CPU = Release|Any CPU
	EndGlobalSection
	GlobalSection(ProjectConfigurationPlatforms) = postSolution
		{B08AA2AC-9CA1-4F10-BCB1-8DF52ADE8037}.Debug|Any CPU.ActiveCfg = Debug|Any CPU
		{B08AA2AC-9CA1-4F10-BCB1-8DF52ADE8037}.Debug|Any CPU.Build.0 = Debug|Any CPU
		{B08AA2AC-9CA1-4F10-BCB1-8DF52ADE8037}.Release|Any CPU.ActiveCfg = Release|Any CPU
		{B08AA2AC-9CA1-4F10-BCB1-8DF52ADE8037}.Release|Any CPU.Build.0 = Release|Any CPU
	EndGlobalSection
	GlobalSection(SolutionProperties) = preSolution
		HideSolutionNode = FALSE
	EndGlobalSection
	GlobalSection(ExtensibilityGlobals) = postSolution
		SolutionGuid = {23300444-A216-4697-B3DA-8713A860A4C2}
	EndGlobalSection
EndGlobal
